
Microsoft Visual Studio Solution File, Format Version 12.00
# Visual Studio Version 17
VisualStudioVersion = 17.5.33414.496
MinimumVisualStudioVersion = 10.0.40219.1
Project("{FAE04EC0-301F-11D3-BF4B-00C04F79EFBC}") = "SEDC.C#Basic.Homeworks3.Homework#3", "SEDC.C#Basic.Homeworks3.Homework#3\SEDC.C#Basic.Homeworks3.Homework#3.csproj", "{3AB2CCB0-20D5-42EA-BEA7-0356B9B718A2}"
EndProject
Global
	GlobalSection(SolutionConfigurationPlatforms) = preSolution
		Debug|Any CPU = Debug|Any CPU
		Release|Any CPU = Release|Any CPU
	EndGlobalSection
	GlobalSection(ProjectConfigurationPlatforms) = postSolution
		{3AB2CCB0-20D5-42EA-BEA7-0356B9B718A2}.Debug|Any CPU.ActiveCfg = Debug|Any CPU
		{3AB2CCB0-20D5-42EA-BEA7-0356B9B718A2}.Debug|Any CPU.Build.0 = Debug|Any CPU
		{3AB2CCB0-20D5-42EA-BEA7-0356B9B718A2}.Release|Any CPU.ActiveCfg = Release|Any CPU
		{3AB2CCB0-20D5-42EA-BEA7-0356B9B718A2}.Release|Any CPU.Build.0 = Release|Any CPU
	EndGlobalSection
	GlobalSection(SolutionProperties) = preSolution
		HideSolutionNode = FALSE
	EndGlobalSection
	GlobalSection(ExtensibilityGlobals) = postSolution
		SolutionGuid = {3F9E6C3D-B9DA-4F33-A30B-AFE0CF1EF446}
	EndGlobalSection
EndGlobal
