
Microsoft Visual Studio Solution File, Format Version 12.00
# Visual Studio Version 17
VisualStudioVersion = 17.5.33414.496
MinimumVisualStudioVersion = 10.0.40219.1
Project("{FAE04EC0-301F-11D3-BF4B-00C04F79EFBC}") = "SEDC.Homeworks.Homework#5.Task3", "..\SEDC.Homeworks\SEDC.Homeworks.Homework#5.Task3\SEDC.Homeworks.Homework#5.Task3.csproj", "{08D1348D-B039-4BF1-8970-F418BA3BFA79}"
EndProject
Global
	GlobalSection(SolutionConfigurationPlatforms) = preSolution
		Debug|Any CPU = Debug|Any CPU
		Release|Any CPU = Release|Any CPU
	EndGlobalSection
	GlobalSection(ProjectConfigurationPlatforms) = postSolution
		{08D1348D-B039-4BF1-8970-F418BA3BFA79}.Debug|Any CPU.ActiveCfg = Debug|Any CPU
		{08D1348D-B039-4BF1-8970-F418BA3BFA79}.Debug|Any CPU.Build.0 = Debug|Any CPU
		{08D1348D-B039-4BF1-8970-F418BA3BFA79}.Release|Any CPU.ActiveCfg = Release|Any CPU
		{08D1348D-B039-4BF1-8970-F418BA3BFA79}.Release|Any CPU.Build.0 = Release|Any CPU
	EndGlobalSection
	GlobalSection(SolutionProperties) = preSolution
		HideSolutionNode = FALSE
	EndGlobalSection
	GlobalSection(ExtensibilityGlobals) = postSolution
		SolutionGuid = {E6731826-8DB4-4D9B-AF49-010D025F4384}
	EndGlobalSection
EndGlobal
